
Microsoft Visual Studio Solution File, Format Version 12.00
# Visual Studio 14
VisualStudioVersion = 14.0.23107.0
MinimumVisualStudioVersion = 10.0.40219.1
Project("{FAE04EC0-301F-11D3-BF4B-00C04F79EFBC}") = "Embark", "Embark\Embark.csproj", "{2359C522-3F62-4EF5-901B-FF05B869C67D}"
EndProject
Project("{FAE04EC0-301F-11D3-BF4B-00C04F79EFBC}") = "DemoConsoleClient", "DemoConsoleClient\DemoConsoleClient.csproj", "{15E8894C-0ED7-479B-9A95-5ED6ADB51F6F}"
EndProject
Project("{FAE04EC0-301F-11D3-BF4B-00C04F79EFBC}") = "DemoConsoleServer", "DemoConsoleServer\DemoConsoleServer.csproj", "{56605B0B-C273-4EA7-9D1D-347A85F25E87}"
EndProject
Project("{FAE04EC0-301F-11D3-BF4B-00C04F79EFBC}") = "DemoWPFServer", "DemoWPFServer\DemoWPFServer.csproj", "{86D6641D-AD05-4CB1-BA68-AF52807538C6}"
EndProject
Project("{FAE04EC0-301F-11D3-BF4B-00C04F79EFBC}") = "EmbarkTests", "EmbarkTests\EmbarkTests.csproj", "{17637470-A415-47D0-BA7B-A387EBDD2045}"
EndProject
Global
	GlobalSection(SolutionConfigurationPlatforms) = preSolution
		Debug|Any CPU = Debug|Any CPU
		Release|Any CPU = Release|Any CPU
	EndGlobalSection
	GlobalSection(ProjectConfigurationPlatforms) = postSolution
		{2359C522-3F62-4EF5-901B-FF05B869C67D}.Debug|Any CPU.ActiveCfg = Debug|Any CPU
		{2359C522-3F62-4EF5-901B-FF05B869C67D}.Debug|Any CPU.Build.0 = Debug|Any CPU
		{2359C522-3F62-4EF5-901B-FF05B869C67D}.Release|Any CPU.ActiveCfg = Release|Any CPU
		{2359C522-3F62-4EF5-901B-FF05B869C67D}.Release|Any CPU.Build.0 = Release|Any CPU
		{15E8894C-0ED7-479B-9A95-5ED6ADB51F6F}.Debug|Any CPU.ActiveCfg = Debug|Any CPU
		{15E8894C-0ED7-479B-9A95-5ED6ADB51F6F}.Debug|Any CPU.Build.0 = Debug|Any CPU
		{15E8894C-0ED7-479B-9A95-5ED6ADB51F6F}.Release|Any CPU.ActiveCfg = Release|Any CPU
		{15E8894C-0ED7-479B-9A95-5ED6ADB51F6F}.Release|Any CPU.Build.0 = Release|Any CPU
		{56605B0B-C273-4EA7-9D1D-347A85F25E87}.Debug|Any CPU.ActiveCfg = Debug|Any CPU
		{56605B0B-C273-4EA7-9D1D-347A85F25E87}.Debug|Any CPU.Build.0 = Debug|Any CPU
		{56605B0B-C273-4EA7-9D1D-347A85F25E87}.Release|Any CPU.ActiveCfg = Release|Any CPU
		{56605B0B-C273-4EA7-9D1D-347A85F25E87}.Release|Any CPU.Build.0 = Release|Any CPU
		{86D6641D-AD05-4CB1-BA68-AF52807538C6}.Debug|Any CPU.ActiveCfg = Debug|Any CPU
		{86D6641D-AD05-4CB1-BA68-AF52807538C6}.Debug|Any CPU.Build.0 = Debug|Any CPU
		{86D6641D-AD05-4CB1-BA68-AF52807538C6}.Release|Any CPU.ActiveCfg = Release|Any CPU
		{86D6641D-AD05-4CB1-BA68-AF52807538C6}.Release|Any CPU.Build.0 = Release|Any CPU
		{17637470-A415-47D0-BA7B-A387EBDD2045}.Debug|Any CPU.ActiveCfg = Debug|Any CPU
		{17637470-A415-47D0-BA7B-A387EBDD2045}.Debug|Any CPU.Build.0 = Debug|Any CPU
		{17637470-A415-47D0-BA7B-A387EBDD2045}.Release|Any CPU.ActiveCfg = Release|Any CPU
		{17637470-A415-47D0-BA7B-A387EBDD2045}.Release|Any CPU.Build.0 = Release|Any CPU
	EndGlobalSection
	GlobalSection(SolutionProperties) = preSolution
		HideSolutionNode = FALSE
	EndGlobalSection
EndGlobal
